
Microsoft Visual Studio Solution File, Format Version 12.00
# Visual Studio Version 17
VisualStudioVersion = 17.3.32819.101
MinimumVisualStudioVersion = 10.0.40219.1
Project("{FAE04EC0-301F-11D3-BF4B-00C04F79EFBC}") = "Biblioteca", "Biblioteca\Biblioteca.csproj", "{CD269D0C-063A-4ABE-8D43-6E0CE3078626}"
EndProject
Global
	GlobalSection(SolutionConfigurationPlatforms) = preSolution
		Debug|Any CPU = Debug|Any CPU
		Release|Any CPU = Release|Any CPU
	EndGlobalSection
	GlobalSection(ProjectConfigurationPlatforms) = postSolution
		{CD269D0C-063A-4ABE-8D43-6E0CE3078626}.Debug|Any CPU.ActiveCfg = Debug|Any CPU
		{CD269D0C-063A-4ABE-8D43-6E0CE3078626}.Debug|Any CPU.Build.0 = Debug|Any CPU
		{CD269D0C-063A-4ABE-8D43-6E0CE3078626}.Release|Any CPU.ActiveCfg = Release|Any CPU
		{CD269D0C-063A-4ABE-8D43-6E0CE3078626}.Release|Any CPU.Build.0 = Release|Any CPU
	EndGlobalSection
	GlobalSection(SolutionProperties) = preSolution
		HideSolutionNode = FALSE
	EndGlobalSection
	GlobalSection(ExtensibilityGlobals) = postSolution
		SolutionGuid = {6FAB90F1-FB1F-4097-AE83-91605E98EC8B}
	EndGlobalSection
EndGlobal
